
Microsoft Visual Studio Solution File, Format Version 12.00
# Visual Studio Version 16
VisualStudioVersion = 16.0.29201.188
MinimumVisualStudioVersion = 10.0.40219.1
Project("{FAE04EC0-301F-11D3-BF4B-00C04F79EFBC}") = "植入式双腔起搏器专用集成电路模拟模块DVT数据查询系统", "植入式双腔起搏器专用集成电路模拟模块DVT数据查询系统.csproj", "{53DA0647-5579-4C3D-9983-3BB1F84523CD}"
EndProject
Global
	GlobalSection(SolutionConfigurationPlatforms) = preSolution
		Debug|Any CPU = Debug|Any CPU
		Release|Any CPU = Release|Any CPU
	EndGlobalSection
	GlobalSection(ProjectConfigurationPlatforms) = postSolution
		{53DA0647-5579-4C3D-9983-3BB1F84523CD}.Debug|Any CPU.ActiveCfg = Debug|Any CPU
		{53DA0647-5579-4C3D-9983-3BB1F84523CD}.Debug|Any CPU.Build.0 = Debug|Any CPU
		{53DA0647-5579-4C3D-9983-3BB1F84523CD}.Release|Any CPU.ActiveCfg = Release|Any CPU
		{53DA0647-5579-4C3D-9983-3BB1F84523CD}.Release|Any CPU.Build.0 = Release|Any CPU
	EndGlobalSection
	GlobalSection(SolutionProperties) = preSolution
		HideSolutionNode = FALSE
	EndGlobalSection
	GlobalSection(ExtensibilityGlobals) = postSolution
		SolutionGuid = {C52A97B3-7B3E-493B-9152-673ED25F2010}
	EndGlobalSection
EndGlobal
